{
  "name": "dynamoDB-demo",
  "version": "1.0.0",
  "lockfileVersion": 1,
  "requires": true,
  "dependencies": {
    "tomkami-lib": {
      "version": "1.5.0",
      "resolved": "https://registry.npmjs.org/tomkami-lib/-/tomkami-lib-1.5.0.tgz",
      "integrity": "sha512-IeY/K2o7G7T0qqHsG1Qc6l7LpMUKnq74MGbDlKVhNc8mq04psw5OSv7zK2xH9hRU4Rvpr7CxA+LZ66Yxxi6tEQ=="
    }
  }
}
